// !$*UTF8*$!
{
	archiveVersion = 1;
	classes = {
	};
	objectVersion = 48;
	objects = {

/* Begin PBXBuildFile section */
		9D287C92CDE8AE547E3C3A49 /* Pods_USStatesApp.framework in Frameworks */ = {isa = PBXBuildFile; fileRef = BC2B9E9E2F78D5438DA32D10 /* Pods_USStatesApp.framework */; };
		9E6379191F98F50E00868CE5 /* AppDelegate.swift in Sources */ = {isa = PBXBuildFile; fileRef = 9E6379181F98F50E00868CE5 /* AppDelegate.swift */; };
		9E63791B1F98F50E00868CE5 /* StatesVC.swift in Sources */ = {isa = PBXBuildFile; fileRef = 9E63791A1F98F50E00868CE5 /* StatesVC.swift */; };
		9E63791E1F98F50E00868CE5 /* Main.storyboard in Resources */ = {isa = PBXBuildFile; fileRef = 9E63791C1F98F50E00868CE5 /* Main.storyboard */; };
		9E6379201F98F50E00868CE5 /* Assets.xcassets in Resources */ = {isa = PBXBuildFile; fileRef = 9E63791F1F98F50E00868CE5 /* Assets.xcassets */; };
		9E6379231F98F50E00868CE5 /* LaunchScreen.storyboard in Resources */ = {isa = PBXBuildFile; fileRef = 9E6379211F98F50E00868CE5 /* LaunchScreen.storyboard */; };
		9E63794A1F98F6A300868CE5 /* DataService.swift in Sources */ = {isa = PBXBuildFile; fileRef = 9E6379491F98F6A300868CE5 /* DataService.swift */; };
		9E63794D1F98F6DA00868CE5 /* State.swift in Sources */ = {isa = PBXBuildFile; fileRef = 9E63794C1F98F6DA00868CE5 /* State.swift */; };
		9E6379501F98FEF200868CE5 /* CreatingFramework.framework in Frameworks */ = {isa = PBXBuildFile; fileRef = 9E63794F1F98FEE800868CE5 /* CreatingFramework.framework */; };
		9E6379511F98FEF200868CE5 /* CreatingFramework.framework in Embed Frameworks */ = {isa = PBXBuildFile; fileRef = 9E63794F1F98FEE800868CE5 /* CreatingFramework.framework */; settings = {ATTRIBUTES = (CodeSignOnCopy, RemoveHeadersOnCopy, ); }; };
/* End PBXBuildFile section */

/* Begin PBXCopyFilesBuildPhase section */
		9E6379471F98F66C00868CE5 /* Embed Frameworks */ = {
			isa = PBXCopyFilesBuildPhase;
			buildActionMask = 2147483647;
			dstPath = "";
			dstSubfolderSpec = 10;
			files = (
				9E6379511F98FEF200868CE5 /* CreatingFramework.framework in Embed Frameworks */,
			);
			name = "Embed Frameworks";
			runOnlyForDeploymentPostprocessing = 0;
		};
/* End PBXCopyFilesBuildPhase section */

/* Begin PBXFileReference section */
		60767CEFD17344794873FE1E /* Pods-USStatesApp.release.xcconfig */ = {isa = PBXFileReference; includeInIndex = 1; lastKnownFileType = text.xcconfig; name = "Pods-USStatesApp.release.xcconfig"; path = "Pods/Target Support Files/Pods-USStatesApp/Pods-USStatesApp.release.xcconfig"; sourceTree = "<group>"; };
		84F45DC78B14D3820078012F /* Pods-USStatesApp.debug.xcconfig */ = {isa = PBXFileReference; includeInIndex = 1; lastKnownFileType = text.xcconfig; name = "Pods-USStatesApp.debug.xcconfig"; path = "Pods/Target Support Files/Pods-USStatesApp/Pods-USStatesApp.debug.xcconfig"; sourceTree = "<group>"; };
		9E6379151F98F50E00868CE5 /* USStatesApp.app */ = {isa = PBXFileReference; explicitFileType = wrapper.application; includeInIndex = 0; path = USStatesApp.app; sourceTree = BUILT_PRODUCTS_DIR; };
		9E6379181F98F50E00868CE5 /* AppDelegate.swift */ = {isa = PBXFileReference; lastKnownFileType = sourcecode.swift; path = AppDelegate.swift; sourceTree = "<group>"; };
		9E63791A1F98F50E00868CE5 /* StatesVC.swift */ = {isa = PBXFileReference; lastKnownFileType = sourcecode.swift; path = StatesVC.swift; sourceTree = "<group>"; };
		9E63791D1F98F50E00868CE5 /* Base */ = {isa = PBXFileReference; lastKnownFileType = file.storyboard; name = Base; path = Base.lproj/Main.storyboard; sourceTree = "<group>"; };
		9E63791F1F98F50E00868CE5 /* Assets.xcassets */ = {isa = PBXFileReference; lastKnownFileType = folder.assetcatalog; path = Assets.xcassets; sourceTree = "<group>"; };
		9E6379221F98F50E00868CE5 /* Base */ = {isa = PBXFileReference; lastKnownFileType = file.storyboard; name = Base; path = Base.lproj/LaunchScreen.storyboard; sourceTree = "<group>"; };
		9E6379241F98F50E00868CE5 /* Info.plist */ = {isa = PBXFileReference; lastKnownFileType = text.plist.xml; path = Info.plist; sourceTree = "<group>"; };
		9E6379491F98F6A300868CE5 /* DataService.swift */ = {isa = PBXFileReference; lastKnownFileType = sourcecode.swift; path = DataService.swift; sourceTree = "<group>"; };
		9E63794C1F98F6DA00868CE5 /* State.swift */ = {isa = PBXFileReference; lastKnownFileType = sourcecode.swift; path = State.swift; sourceTree = "<group>"; };
		9E63794F1F98FEE800868CE5 /* CreatingFramework.framework */ = {isa = PBXFileReference; lastKnownFileType = wrapper.framework; path = CreatingFramework.framework; sourceTree = "<group>"; };
		BC2B9E9E2F78D5438DA32D10 /* Pods_USStatesApp.framework */ = {isa = PBXFileReference; explicitFileType = wrapper.framework; includeInIndex = 0; path = Pods_USStatesApp.framework; sourceTree = BUILT_PRODUCTS_DIR; };
/* End PBXFileReference section */

/* Begin PBXFrameworksBuildPhase section */
		9E6379121F98F50E00868CE5 /* Frameworks */ = {
			isa = PBXFrameworksBuildPhase;
			buildActionMask = 2147483647;
			files = (
				9E6379501F98FEF200868CE5 /* CreatingFramework.framework in Frameworks */,
				9D287C92CDE8AE547E3C3A49 /* Pods_USStatesApp.framework in Frameworks */,
			);
			runOnlyForDeploymentPostprocessing = 0;
		};
/* End PBXFrameworksBuildPhase section */

/* Begin PBXGroup section */
		92E7F5011D638DD3C6C38906 /* Pods */ = {
			isa = PBXGroup;
			children = (
				84F45DC78B14D3820078012F /* Pods-USStatesApp.debug.xcconfig */,
				60767CEFD17344794873FE1E /* Pods-USStatesApp.release.xcconfig */,
			);
			name = Pods;
			sourceTree = "<group>";
		};
		9E63790C1F98F50E00868CE5 = {
			isa = PBXGroup;
			children = (
				9E6379171F98F50E00868CE5 /* USStatesApp */,
				9E6379161F98F50E00868CE5 /* Products */,
				92E7F5011D638DD3C6C38906 /* Pods */,
				CB44CB24D234471B7C9BC808 /* Frameworks */,
			);
			sourceTree = "<group>";
		};
		9E6379161F98F50E00868CE5 /* Products */ = {
			isa = PBXGroup;
			children = (
				9E6379151F98F50E00868CE5 /* USStatesApp.app */,
			);
			name = Products;
			sourceTree = "<group>";
		};
		9E6379171F98F50E00868CE5 /* USStatesApp */ = {
			isa = PBXGroup;
			children = (
				9E63794B1F98F6D100868CE5 /* Model */,
				9E6379481F98F68A00868CE5 /* Services */,
				9E63794E1F98F9F900868CE5 /* Controller */,
				9E63791C1F98F50E00868CE5 /* Main.storyboard */,
				9E6379181F98F50E00868CE5 /* AppDelegate.swift */,
				9E63791F1F98F50E00868CE5 /* Assets.xcassets */,
				9E6379211F98F50E00868CE5 /* LaunchScreen.storyboard */,
				9E6379241F98F50E00868CE5 /* Info.plist */,
				9E63792A1F98F57F00868CE5 /* Framework */,
			);
			path = USStatesApp;
			sourceTree = "<group>";
		};
		9E63792A1F98F57F00868CE5 /* Framework */ = {
			isa = PBXGroup;
			children = (
				9E63794F1F98FEE800868CE5 /* CreatingFramework.framework */,
			);
			path = Framework;
			sourceTree = "<group>";
		};
		9E6379481F98F68A00868CE5 /* Services */ = {
			isa = PBXGroup;
			children = (
				9E6379491F98F6A300868CE5 /* DataService.swift */,
			);
			path = Services;
			sourceTree = "<group>";
		};
		9E63794B1F98F6D100868CE5 /* Model */ = {
			isa = PBXGroup;
			children = (
				9E63794C1F98F6DA00868CE5 /* State.swift */,
			);
			path = Model;
			sourceTree = "<group>";
		};
		9E63794E1F98F9F900868CE5 /* Controller */ = {
			isa = PBXGroup;
			children = (
				9E63791A1F98F50E00868CE5 /* StatesVC.swift */,
			);
			path = Controller;
			sourceTree = "<group>";
		};
		CB44CB24D234471B7C9BC808 /* Frameworks */ = {
			isa = PBXGroup;
			children = (
				BC2B9E9E2F78D5438DA32D10 /* Pods_USStatesApp.framework */,
			);
			name = Frameworks;
			sourceTree = "<group>";
		};
/* End PBXGroup section */

/* Begin PBXNativeTarget section */
		9E6379141F98F50E00868CE5 /* USStatesApp */ = {
			isa = PBXNativeTarget;
			buildConfigurationList = 9E6379271F98F50E00868CE5 /* Build configuration list for PBXNativeTarget "USStatesApp" */;
			buildPhases = (
				211AD949291E93AFB763B0D8 /* [CP] Check Pods Manifest.lock */,
				9E6379111F98F50E00868CE5 /* Sources */,
				9E6379121F98F50E00868CE5 /* Frameworks */,
				9E6379131F98F50E00868CE5 /* Resources */,
				9E6379471F98F66C00868CE5 /* Embed Frameworks */,
				A8213A3C927504859DEC98A6 /* [CP] Embed Pods Frameworks */,
				0EA74621FDE729FEB6DFC2BD /* [CP] Copy Pods Resources */,
			);
			buildRules = (
			);
			dependencies = (
			);
			name = USStatesApp;
			productName = USStatesApp;
			productReference = 9E6379151F98F50E00868CE5 /* USStatesApp.app */;
			productType = "com.apple.product-type.application";
		};
/* End PBXNativeTarget section */

/* Begin PBXProject section */
		9E63790D1F98F50E00868CE5 /* Project object */ = {
			isa = PBXProject;
			attributes = {
				LastSwiftUpdateCheck = 0900;
				LastUpgradeCheck = 0900;
				ORGANIZATIONNAME = kvkr;
				TargetAttributes = {
					9E6379141F98F50E00868CE5 = {
						CreatedOnToolsVersion = 9.0;
						ProvisioningStyle = Automatic;
					};
				};
			};
			buildConfigurationList = 9E6379101F98F50E00868CE5 /* Build configuration list for PBXProject "USStatesApp" */;
			compatibilityVersion = "Xcode 8.0";
			developmentRegion = en;
			hasScannedForEncodings = 0;
			knownRegions = (
				en,
				Base,
			);
			mainGroup = 9E63790C1F98F50E00868CE5;
			productRefGroup = 9E6379161F98F50E00868CE5 /* Products */;
			projectDirPath = "";
			projectRoot = "";
			targets = (
				9E6379141F98F50E00868CE5 /* USStatesApp */,
			);
		};
/* End PBXProject section */

/* Begin PBXResourcesBuildPhase section */
		9E6379131F98F50E00868CE5 /* Resources */ = {
			isa = PBXResourcesBuildPhase;
			buildActionMask = 2147483647;
			files = (
				9E6379231F98F50E00868CE5 /* LaunchScreen.storyboard in Resources */,
				9E6379201F98F50E00868CE5 /* Assets.xcassets in Resources */,
				9E63791E1F98F50E00868CE5 /* Main.storyboard in Resources */,
			);
			runOnlyForDeploymentPostprocessing = 0;
		};
/* End PBXResourcesBuildPhase section */

/* Begin PBXShellScriptBuildPhase section */
		0EA74621FDE729FEB6DFC2BD /* [CP] Copy Pods Resources */ = {
			isa = PBXShellScriptBuildPhase;
			buildActionMask = 2147483647;
			files = (
			);
			inputPaths = (
			);
			name = "[CP] Copy Pods Resources";
			outputPaths = (
			);
			runOnlyForDeploymentPostprocessing = 0;
			shellPath = /bin/sh;
			shellScript = "\"${SRCROOT}/Pods/Target Support Files/Pods-USStatesApp/Pods-USStatesApp-resources.sh\"\n";
			showEnvVarsInLog = 0;
		};
		211AD949291E93AFB763B0D8 /* [CP] Check Pods Manifest.lock */ = {
			isa = PBXShellScriptBuildPhase;
			buildActionMask = 2147483647;
			files = (
			);
			inputPaths = (
				"${PODS_PODFILE_DIR_PATH}/Podfile.lock",
				"${PODS_ROOT}/Manifest.lock",
			);
			name = "[CP] Check Pods Manifest.lock";
			outputPaths = (
				"$(DERIVED_FILE_DIR)/Pods-USStatesApp-checkManifestLockResult.txt",
			);
			runOnlyForDeploymentPostprocessing = 0;
			shellPath = /bin/sh;
			shellScript = "diff \"${PODS_PODFILE_DIR_PATH}/Podfile.lock\" \"${PODS_ROOT}/Manifest.lock\" > /dev/null\nif [ $? != 0 ] ; then\n    # print error to STDERR\n    echo \"error: The sandbox is not in sync with the Podfile.lock. Run 'pod install' or update your CocoaPods installation.\" >&2\n    exit 1\nfi\n# This output is used by Xcode 'outputs' to avoid re-running this script phase.\necho \"SUCCESS\" > \"${SCRIPT_OUTPUT_FILE_0}\"\n";
			showEnvVarsInLog = 0;
		};
		A8213A3C927504859DEC98A6 /* [CP] Embed Pods Frameworks */ = {
			isa = PBXShellScriptBuildPhase;
			buildActionMask = 2147483647;
			files = (
			);
			inputPaths = (
				"${SRCROOT}/Pods/Target Support Files/Pods-USStatesApp/Pods-USStatesApp-frameworks.sh",
				"${BUILT_PRODUCTS_DIR}/Alamofire/Alamofire.framework",
				"${BUILT_PRODUCTS_DIR}/SwiftyJSON/SwiftyJSON.framework",
			);
			name = "[CP] Embed Pods Frameworks";
			outputPaths = (
				"${TARGET_BUILD_DIR}/${FRAMEWORKS_FOLDER_PATH}/Alamofire.framework",
				"${TARGET_BUILD_DIR}/${FRAMEWORKS_FOLDER_PATH}/SwiftyJSON.framework",
			);
			runOnlyForDeploymentPostprocessing = 0;
			shellPath = /bin/sh;
			shellScript = "\"${SRCROOT}/Pods/Target Support Files/Pods-USStatesApp/Pods-USStatesApp-frameworks.sh\"\n";
			showEnvVarsInLog = 0;
		};
/* End PBXShellScriptBuildPhase section */

/* Begin PBXSourcesBuildPhase section */
		9E6379111F98F50E00868CE5 /* Sources */ = {
			isa = PBXSourcesBuildPhase;
			buildActionMask = 2147483647;
			files = (
				9E63794A1F98F6A300868CE5 /* DataService.swift in Sources */,
				9E63791B1F98F50E00868CE5 /* StatesVC.swift in Sources */,
				9E6379191F98F50E00868CE5 /* AppDelegate.swift in Sources */,
				9E63794D1F98F6DA00868CE5 /* State.swift in Sources */,
			);
			runOnlyForDeploymentPostprocessing = 0;
		};
/* End PBXSourcesBuildPhase section */

/* Begin PBXVariantGroup section */
		9E63791C1F98F50E00868CE5 /* Main.storyboard */ = {
			isa = PBXVariantGroup;
			children = (
				9E63791D1F98F50E00868CE5 /* Base */,
			);
			name = Main.storyboard;
			sourceTree = "<group>";
		};
		9E6379211F98F50E00868CE5 /* LaunchScreen.storyboard */ = {
			isa = PBXVariantGroup;
			children = (
				9E6379221F98F50E00868CE5 /* Base */,
			);
			name = LaunchScreen.storyboard;
			sourceTree = "<group>";
		};
/* End PBXVariantGroup section */

/* Begin XCBuildConfiguration section */
		9E6379251F98F50E00868CE5 /* Debug */ = {
			isa = XCBuildConfiguration;
			buildSettings = {
				ALWAYS_SEARCH_USER_PATHS = NO;
				CLANG_ANALYZER_NONNULL = YES;
				CLANG_ANALYZER_NUMBER_OBJECT_CONVERSION = YES_AGGRESSIVE;
				CLANG_CXX_LANGUAGE_STANDARD = "gnu++14";
				CLANG_CXX_LIBRARY = "libc++";
				CLANG_ENABLE_MODULES = YES;
				CLANG_ENABLE_OBJC_ARC = YES;
				CLANG_WARN_BLOCK_CAPTURE_AUTORELEASING = YES;
				CLANG_WARN_BOOL_CONVERSION = YES;
				CLANG_WARN_COMMA = YES;
				CLANG_WARN_CONSTANT_CONVERSION = YES;
				CLANG_WARN_DIRECT_OBJC_ISA_USAGE = YES_ERROR;
				CLANG_WARN_DOCUMENTATION_COMMENTS = YES;
				CLANG_WARN_EMPTY_BODY = YES;
				CLANG_WARN_ENUM_CONVERSION = YES;
				CLANG_WARN_INFINITE_RECURSION = YES;
				CLANG_WARN_INT_CONVERSION = YES;
				CLANG_WARN_NON_LITERAL_NULL_CONVERSION = YES;
				CLANG_WARN_OBJC_LITERAL_CONVERSION = YES;
				CLANG_WARN_OBJC_ROOT_CLASS = YES_ERROR;
				CLANG_WARN_RANGE_LOOP_ANALYSIS = YES;
				CLANG_WARN_STRICT_PROTOTYPES = YES;
				CLANG_WARN_SUSPICIOUS_MOVE = YES;
				CLANG_WARN_UNGUARDED_AVAILABILITY = YES_AGGRESSIVE;
				CLANG_WARN_UNREACHABLE_CODE = YES;
				CLANG_WARN__DUPLICATE_METHOD_MATCH = YES;
				CODE_SIGN_IDENTITY = "iPhone Developer";
				COPY_PHASE_STRIP = NO;
				DEBUG_INFORMATION_FORMAT = dwarf;
				ENABLE_STRICT_OBJC_MSGSEND = YES;
				ENABLE_TESTABILITY = YES;
				GCC_C_LANGUAGE_STANDARD = gnu11;
				GCC_DYNAMIC_NO_PIC = NO;
				GCC_NO_COMMON_BLOCKS = YES;
				GCC_OPTIMIZATION_LEVEL = 0;
				GCC_PREPROCESSOR_DEFINITIONS = (
					"DEBUG=1",
					"$(inherited)",
				);
				GCC_WARN_64_TO_32_BIT_CONVERSION = YES;
				GCC_WARN_ABOUT_RETURN_TYPE = YES_ERROR;
				GCC_WARN_UNDECLARED_SELECTOR = YES;
				GCC_WARN_UNINITIALIZED_AUTOS = YES_AGGRESSIVE;
				GCC_WARN_UNUSED_FUNCTION = YES;
				GCC_WARN_UNUSED_VARIABLE = YES;
				IPHONEOS_DEPLOYMENT_TARGET = 11.0;
				MTL_ENABLE_DEBUG_INFO = YES;
				ONLY_ACTIVE_ARCH = YES;
				SDKROOT = iphoneos;
				SWIFT_ACTIVE_COMPILATION_CONDITIONS = DEBUG;
				SWIFT_OPTIMIZATION_LEVEL = "-Onone";
			};
			name = Debug;
		};
		9E6379261F98F50E00868CE5 /* Release */ = {
			isa = XCBuildConfiguration;
			buildSettings = {
				ALWAYS_SEARCH_USER_PATHS = NO;
				CLANG_ANALYZER_NONNULL = YES;
				CLANG_ANALYZER_NUMBER_OBJECT_CONVERSION = YES_AGGRESSIVE;
				CLANG_CXX_LANGUAGE_STANDARD = "gnu++14";
				CLANG_CXX_LIBRARY = "libc++";
				CLANG_ENABLE_MODULES = YES;
				CLANG_ENABLE_OBJC_ARC = YES;
				CLANG_WARN_BLOCK_CAPTURE_AUTORELEASING = YES;
				CLANG_WARN_BOOL_CONVERSION = YES;
				CLANG_WARN_COMMA = YES;
				CLANG_WARN_CONSTANT_CONVERSION = YES;
				CLANG_WARN_DIRECT_OBJC_ISA_USAGE = YES_ERROR;
				CLANG_WARN_DOCUMENTATION_COMMENTS = YES;
				CLANG_WARN_EMPTY_BODY = YES;
				CLANG_WARN_ENUM_CONVERSION = YES;
				CLANG_WARN_INFINITE_RECURSION = YES;
				CLANG_WARN_INT_CONVERSION = YES;
				CLANG_WARN_NON_LITERAL_NULL_CONVERSION = YES;
				CLANG_WARN_OBJC_LITERAL_CONVERSION = YES;
				CLANG_WARN_OBJC_ROOT_CLASS = YES_ERROR;
				CLANG_WARN_RANGE_LOOP_ANALYSIS = YES;
				CLANG_WARN_STRICT_PROTOTYPES = YES;
				CLANG_WARN_SUSPICIOUS_MOVE = YES;
				CLANG_WARN_UNGUARDED_AVAILABILITY = YES_AGGRESSIVE;
				CLANG_WARN_UNREACHABLE_CODE = YES;
				CLANG_WARN__DUPLICATE_METHOD_MATCH = YES;
				CODE_SIGN_IDENTITY = "iPhone Developer";
				COPY_PHASE_STRIP = NO;
				DEBUG_INFORMATION_FORMAT = "dwarf-with-dsym";
				ENABLE_NS_ASSERTIONS = NO;
				ENABLE_STRICT_OBJC_MSGSEND = YES;
				GCC_C_LANGUAGE_STANDARD = gnu11;
				GCC_NO_COMMON_BLOCKS = YES;
				GCC_WARN_64_TO_32_BIT_CONVERSION = YES;
				GCC_WARN_ABOUT_RETURN_TYPE = YES_ERROR;
				GCC_WARN_UNDECLARED_SELECTOR = YES;
				GCC_WARN_UNINITIALIZED_AUTOS = YES_AGGRESSIVE;
				GCC_WARN_UNUSED_FUNCTION = YES;
				GCC_WARN_UNUSED_VARIABLE = YES;
				IPHONEOS_DEPLOYMENT_TARGET = 11.0;
				MTL_ENABLE_DEBUG_INFO = NO;
				SDKROOT = iphoneos;
				SWIFT_OPTIMIZATION_LEVEL = "-Owholemodule";
				VALIDATE_PRODUCT = YES;
			};
			name = Release;
		};
		9E6379281F98F50E00868CE5 /* Debug */ = {
			isa = XCBuildConfiguration;
			baseConfigurationReference = 84F45DC78B14D3820078012F /* Pods-USStatesApp.debug.xcconfig */;
			buildSettings = {
				ASSETCATALOG_COMPILER_APPICON_NAME = AppIcon;
				CODE_SIGN_STYLE = Automatic;
				DEVELOPMENT_TEAM = ZELVJRAH4Y;
				FRAMEWORK_SEARCH_PATHS = (
					"$(inherited)",
					"$(PROJECT_DIR)/USStatesApp/Framework",
				);
				INFOPLIST_FILE = USStatesApp/Info.plist;
				LD_RUNPATH_SEARCH_PATHS = "$(inherited) @executable_path/Frameworks";
				PRODUCT_BUNDLE_IDENTIFIER = ownApplicationDevelopment.USStatesApp;
				PRODUCT_NAME = "$(TARGET_NAME)";
				SWIFT_VERSION = 4.0;
				TARGETED_DEVICE_FAMILY = "1,2";
			};
			name = Debug;
		};
		9E6379291F98F50E00868CE5 /* Release */ = {
			isa = XCBuildConfiguration;
			baseConfigurationReference = 60767CEFD17344794873FE1E /* Pods-USStatesApp.release.xcconfig */;
			buildSettings = {
				ASSETCATALOG_COMPILER_APPICON_NAME = AppIcon;
				CODE_SIGN_STYLE = Automatic;
				DEVELOPMENT_TEAM = ZELVJRAH4Y;
				FRAMEWORK_SEARCH_PATHS = (
					"$(inherited)",
					"$(PROJECT_DIR)/USStatesApp/Framework",
				);
				INFOPLIST_FILE = USStatesApp/Info.plist;
				LD_RUNPATH_SEARCH_PATHS = "$(inherited) @executable_path/Frameworks";
				PRODUCT_BUNDLE_IDENTIFIER = ownApplicationDevelopment.USStatesApp;
				PRODUCT_NAME = "$(TARGET_NAME)";
				SWIFT_VERSION = 4.0;
				TARGETED_DEVICE_FAMILY = "1,2";
			};
			name = Release;
		};
/* End XCBuildConfiguration section */

/* Begin XCConfigurationList section */
		9E6379101F98F50E00868CE5 /* Build configuration list for PBXProject "USStatesApp" */ = {
			isa = XCConfigurationList;
			buildConfigurations = (
				9E6379251F98F50E00868CE5 /* Debug */,
				9E6379261F98F50E00868CE5 /* Release */,
			);
			defaultConfigurationIsVisible = 0;
			defaultConfigurationName = Release;
		};
		9E6379271F98F50E00868CE5 /* Build configuration list for PBXNativeTarget "USStatesApp" */ = {
			isa = XCConfigurationList;
			buildConfigurations = (
				9E6379281F98F50E00868CE5 /* Debug */,
				9E6379291F98F50E00868CE5 /* Release */,
			);
			defaultConfigurationIsVisible = 0;
			defaultConfigurationName = Release;
		};
/* End XCConfigurationList section */
	};
	rootObject = 9E63790D1F98F50E00868CE5 /* Project object */;
}
